PODS:
  - AudioKit (4.11.2):
    - AudioKit/Core (= 4.11.2)
    - AudioKit/UI (= 4.11.2)
  - AudioKit/Core (4.11.2)
  - AudioKit/UI (4.11.2):
    - AudioKit/Core
  - Flutter (1.0.0)
  - flutter_sequencer (0.0.1):
    - AudioKit
    - Flutter

DEPENDENCIES:
  - AudioKit (~> 4.11.2)
  - Flutter (from `Flutter`)
  - flutter_sequencer (from `.symlinks/plugins/flutter_sequencer/ios`)

SPEC REPOS:
  trunk:
    - AudioKit

EXTERNAL SOURCES:
  Flutter:
    :path: Flutter
  flutter_sequencer:
    :path: ".symlinks/plugins/flutter_sequencer/ios"

SPEC CHECKSUMS:
  AudioKit: 059a783edd8340ca0130a66d1ad126aa5bb8ad92
  Flutter: 434fef37c0980e73bb6479ef766c45957d4b510c
  flutter_sequencer: 09c6638d1aa87976a7982ae2ff8a70dbf37e2213
PODFILE CHECKSUM: 2b1e3157e6f4476971c14842d9cd0adaa8d079d9

COCOAPODS: 1.10.1
