PODS:
  - AudioKit (4.11.2):
    - AudioKit/Core (= 4.11.2)
    - AudioKit/UI (= 4.11.2)
  - AudioKit/Core (4.11.2)
  - AudioKit/UI (4.11.2):
    - AudioKit/Core
  - Flutter (1.0.0)
  - flutter_sequencer (0.0.1):
    - AudioKit
    - Flutter

DEPENDENCIES:
  - AudioKit (~> 4.11.2)
  - Flutter (from `Flutter`)
  - flutter_sequencer (from `.symlinks/plugins/flutter_sequencer/ios`)

SPEC REPOS:
  trunk:
    - AudioKit

EXTERNAL SOURCES:
  Flutter:
    :path: Flutter
  flutter_sequencer:
    :path: ".symlinks/plugins/flutter_sequencer/ios"

SPEC CHECKSUMS:
  AudioKit: 57cc61d708f085763a031e5c3f87adae21dc4b59
  Flutter: 434fef37c0980e73bb6479ef766c45957d4b510c
  flutter_sequencer: 07e2c08b1194e7fcbba809639fb62b47c3722eea

PODFILE CHECKSUM: 2b1e3157e6f4476971c14842d9cd0adaa8d079d9

COCOAPODS: 1.10.1
